
Microsoft Visual Studio Solution File, Format Version 12.00
# Visual Studio 15
VisualStudioVersion = 15.0.28307.271
MinimumVisualStudioVersion = 10.0.40219.1
Project("{FAE04EC0-301F-11D3-BF4B-00C04F79EFBC}") = "Converter 1.0", "Converter 1.0\Converter 1.0.csproj", "{6132B151-44E7-449A-ADDB-6E192BAB7817}"
EndProject
Global
	GlobalSection(SolutionConfigurationPlatforms) = preSolution
		Debug|Any CPU = Debug|Any CPU
		Release|Any CPU = Release|Any CPU
	EndGlobalSection
	GlobalSection(ProjectConfigurationPlatforms) = postSolution
		{6132B151-44E7-449A-ADDB-6E192BAB7817}.Debug|Any CPU.ActiveCfg = Debug|Any CPU
		{6132B151-44E7-449A-ADDB-6E192BAB7817}.Debug|Any CPU.Build.0 = Debug|Any CPU
		{6132B151-44E7-449A-ADDB-6E192BAB7817}.Release|Any CPU.ActiveCfg = Release|Any CPU
		{6132B151-44E7-449A-ADDB-6E192BAB7817}.Release|Any CPU.Build.0 = Release|Any CPU
	EndGlobalSection
	GlobalSection(SolutionProperties) = preSolution
		HideSolutionNode = FALSE
	EndGlobalSection
	GlobalSection(ExtensibilityGlobals) = postSolution
		SolutionGuid = {E0413B90-F77F-4A84-BC69-90F09F1209AF}
	EndGlobalSection
EndGlobal
